
Microsoft Visual Studio Solution File, Format Version 12.00
# Visual Studio 14
VisualStudioVersion = 14.0.25420.1
MinimumVisualStudioVersion = 10.0.40219.1
Project("{FAE04EC0-301F-11D3-BF4B-00C04F79EFBC}") = "MaisTaxi", "MaisTaxi.csproj", "{7D549D1D-8ECF-4758-8691-34EFC84F62E8}"
EndProject
Project("{54435603-DBB4-11D2-8724-00A0C9A8B90C}") = "Setup_MaisTaxi", "Setup_MaisTaxi\Setup_MaisTaxi.vdproj", "{37DC095A-F07A-49D5-B968-A7027C5A4C23}"
EndProject
Project("{54435603-DBB4-11D2-8724-00A0C9A8B90C}") = "Instalacao_Mais_Taxi", "..\Instalacao_Mais_Taxi\Instalacao_Mais_Taxi.vdproj", "{79EE2AEF-0DFF-4F32-8C33-9EF1EC7029BE}"
EndProject
Global
	GlobalSection(SolutionConfigurationPlatforms) = preSolution
		Debug|Any CPU = Debug|Any CPU
		Release|Any CPU = Release|Any CPU
	EndGlobalSection
	GlobalSection(ProjectConfigurationPlatforms) = postSolution
		{7D549D1D-8ECF-4758-8691-34EFC84F62E8}.Debug|Any CPU.ActiveCfg = Debug|Any CPU
		{7D549D1D-8ECF-4758-8691-34EFC84F62E8}.Debug|Any CPU.Build.0 = Debug|Any CPU
		{7D549D1D-8ECF-4758-8691-34EFC84F62E8}.Release|Any CPU.ActiveCfg = Release|Any CPU
		{7D549D1D-8ECF-4758-8691-34EFC84F62E8}.Release|Any CPU.Build.0 = Release|Any CPU
		{37DC095A-F07A-49D5-B968-A7027C5A4C23}.Debug|Any CPU.ActiveCfg = Debug
		{37DC095A-F07A-49D5-B968-A7027C5A4C23}.Release|Any CPU.ActiveCfg = Release
		{79EE2AEF-0DFF-4F32-8C33-9EF1EC7029BE}.Debug|Any CPU.ActiveCfg = Debug
		{79EE2AEF-0DFF-4F32-8C33-9EF1EC7029BE}.Release|Any CPU.ActiveCfg = Release
	EndGlobalSection
	GlobalSection(SolutionProperties) = preSolution
		HideSolutionNode = FALSE
	EndGlobalSection
EndGlobal
